
Microsoft Visual Studio Solution File, Format Version 12.00
Project("{2150E333-8FDC-42A3-9474-1A3956D46DE8}") = "__", "__", "{3BFD15F0-ED25-4F17-A053-CDD596E0B335}"
	ProjectSection(SolutionItems) = preProject
		MovieTicket.sln = MovieTicket.sln
		.gitignore = .gitignore
	EndProjectSection
EndProject
Project("{2150E333-8FDC-42A3-9474-1A3956D46DE8}") = "Server", "Server", "{F1E1ED85-CDD0-4AB6-A787-55FC0988386C}"
EndProject
Project("{2150E333-8FDC-42A3-9474-1A3956D46DE8}") = "Solution Items", "Solution Items", "{90D6ECF6-2B31-453D-8ED0-A627CA918360}"
	ProjectSection(SolutionItems) = preProject
		docker-compose.yml = docker-compose.yml
	EndProjectSection
EndProject
Project("{2150E333-8FDC-42A3-9474-1A3956D46DE8}") = "BuildingBlock", "BuildingBlock", "{8F79BBC4-34C7-4CC6-AA88-4CF7FE27A6DA}"
EndProject
Project("{2150E333-8FDC-42A3-9474-1A3956D46DE8}") = "Management", "Management", "{084BCD21-30AD-403E-A7E3-DE42A62549C3}"
EndProject
Project("{2150E333-8FDC-42A3-9474-1A3956D46DE8}") = "Client", "Client", "{95DF2A6E-AEFE-41C6-BB01-A3891FB9FD52}"
EndProject
Project("{FAE04EC0-301F-11D3-BF4B-00C04F79EFBC}") = "MovieTicketClient.Api", "src\server\Client\MovieTicketClient.Api\MovieTicketClient.Api.csproj", "{F3A4CDDC-7F67-459D-8DB6-15EA435C1BAB}"
EndProject
Project("{FAE04EC0-301F-11D3-BF4B-00C04F79EFBC}") = "MovieTicketManagement.Api", "src\server\Management\MovieTicketManagement.Api\MovieTicketManagement.Api.csproj", "{41E519D5-4C76-4037-98D8-408E9A171AC1}"
EndProject
Project("{FAE04EC0-301F-11D3-BF4B-00C04F79EFBC}") = "MovieTicket.Core", "src\server\BuildingBlock\MovieTicket.Core\MovieTicket.Core.csproj", "{FA1A639A-3A58-49D3-860F-AC39E6DFA904}"
EndProject
Project("{FAE04EC0-301F-11D3-BF4B-00C04F79EFBC}") = "MovieTicket.Infrastructure", "src\server\BuildingBlock\MovieTicket.Infrastructure\MovieTicket.Infrastructure.csproj", "{FBB36779-6AA9-4C09-A5A4-DF8FF590726C}"
EndProject
Project("{FAE04EC0-301F-11D3-BF4B-00C04F79EFBC}") = "MovieTicket.Domain", "src\server\BuildingBlock\MovieTicket.Domain\MovieTicket.Domain.csproj", "{4F1AAA2E-3DEC-49DA-98D5-FEFEDB00D507}"
EndProject
Project("{FAE04EC0-301F-11D3-BF4B-00C04F79EFBC}") = "MovieTicket.Infrastructure.EfCore", "src\server\BuildingBlock\MovieTicket.Infrastructure.EfCore\MovieTicket.Infrastructure.EfCore.csproj", "{8CDD80BC-48DB-4214-B047-AA2AB9AB9A6D}"
EndProject
Project("{FAE04EC0-301F-11D3-BF4B-00C04F79EFBC}") = "MovieTicketClient.Application", "src\server\Client\MovieTicketClient.Application\MovieTicketClient.Application.csproj", "{02C66579-A7CB-41DF-BC9D-C22CE4AD1AB6}"
EndProject
Project("{FAE04EC0-301F-11D3-BF4B-00C04F79EFBC}") = "MovieTicketClient.IdentityServer", "src\server\Client\MovieTicketClient.IdentityServer\MovieTicketClient.IdentityServer.csproj", "{200B6CF3-A020-454C-9127-C0D96AFBD22F}"
EndProject
Project("{FAE04EC0-301F-11D3-BF4B-00C04F79EFBC}") = "MovieTicketManagement.Application", "src\server\Management\MovieTicketManagement.Application\MovieTicketManagement.Application.csproj", "{DF85C67A-C247-4CE3-96BF-18826E39104D}"
EndProject
Project("{FAE04EC0-301F-11D3-BF4B-00C04F79EFBC}") = "MovieTicketManagement.IndentityServer", "src\server\Management\MovieTicketManagement.IndentityServer\MovieTicketManagement.IndentityServer.csproj", "{7BBD4B00-2877-4ECD-B25D-473374E3895A}"
EndProject
Global
	GlobalSection(SolutionConfigurationPlatforms) = preSolution
		Debug|Any CPU = Debug|Any CPU
		Release|Any CPU = Release|Any CPU
	EndGlobalSection
	GlobalSection(NestedProjects) = preSolution
		{8F79BBC4-34C7-4CC6-AA88-4CF7FE27A6DA} = {F1E1ED85-CDD0-4AB6-A787-55FC0988386C}
		{084BCD21-30AD-403E-A7E3-DE42A62549C3} = {F1E1ED85-CDD0-4AB6-A787-55FC0988386C}
		{95DF2A6E-AEFE-41C6-BB01-A3891FB9FD52} = {F1E1ED85-CDD0-4AB6-A787-55FC0988386C}
		{F3A4CDDC-7F67-459D-8DB6-15EA435C1BAB} = {95DF2A6E-AEFE-41C6-BB01-A3891FB9FD52}
		{41E519D5-4C76-4037-98D8-408E9A171AC1} = {084BCD21-30AD-403E-A7E3-DE42A62549C3}
		{FA1A639A-3A58-49D3-860F-AC39E6DFA904} = {8F79BBC4-34C7-4CC6-AA88-4CF7FE27A6DA}
		{FBB36779-6AA9-4C09-A5A4-DF8FF590726C} = {8F79BBC4-34C7-4CC6-AA88-4CF7FE27A6DA}
		{4F1AAA2E-3DEC-49DA-98D5-FEFEDB00D507} = {8F79BBC4-34C7-4CC6-AA88-4CF7FE27A6DA}
		{8CDD80BC-48DB-4214-B047-AA2AB9AB9A6D} = {8F79BBC4-34C7-4CC6-AA88-4CF7FE27A6DA}
		{02C66579-A7CB-41DF-BC9D-C22CE4AD1AB6} = {95DF2A6E-AEFE-41C6-BB01-A3891FB9FD52}
		{200B6CF3-A020-454C-9127-C0D96AFBD22F} = {95DF2A6E-AEFE-41C6-BB01-A3891FB9FD52}
		{DF85C67A-C247-4CE3-96BF-18826E39104D} = {084BCD21-30AD-403E-A7E3-DE42A62549C3}
		{7BBD4B00-2877-4ECD-B25D-473374E3895A} = {084BCD21-30AD-403E-A7E3-DE42A62549C3}
	EndGlobalSection
	GlobalSection(ProjectConfigurationPlatforms) = postSolution
		{F3A4CDDC-7F67-459D-8DB6-15EA435C1BAB}.Debug|Any CPU.ActiveCfg = Debug|Any CPU
		{F3A4CDDC-7F67-459D-8DB6-15EA435C1BAB}.Debug|Any CPU.Build.0 = Debug|Any CPU
		{F3A4CDDC-7F67-459D-8DB6-15EA435C1BAB}.Release|Any CPU.ActiveCfg = Release|Any CPU
		{F3A4CDDC-7F67-459D-8DB6-15EA435C1BAB}.Release|Any CPU.Build.0 = Release|Any CPU
		{41E519D5-4C76-4037-98D8-408E9A171AC1}.Debug|Any CPU.ActiveCfg = Debug|Any CPU
		{41E519D5-4C76-4037-98D8-408E9A171AC1}.Debug|Any CPU.Build.0 = Debug|Any CPU
		{41E519D5-4C76-4037-98D8-408E9A171AC1}.Release|Any CPU.ActiveCfg = Release|Any CPU
		{41E519D5-4C76-4037-98D8-408E9A171AC1}.Release|Any CPU.Build.0 = Release|Any CPU
		{FA1A639A-3A58-49D3-860F-AC39E6DFA904}.Debug|Any CPU.ActiveCfg = Debug|Any CPU
		{FA1A639A-3A58-49D3-860F-AC39E6DFA904}.Debug|Any CPU.Build.0 = Debug|Any CPU
		{FA1A639A-3A58-49D3-860F-AC39E6DFA904}.Release|Any CPU.ActiveCfg = Release|Any CPU
		{FA1A639A-3A58-49D3-860F-AC39E6DFA904}.Release|Any CPU.Build.0 = Release|Any CPU
		{FBB36779-6AA9-4C09-A5A4-DF8FF590726C}.Debug|Any CPU.ActiveCfg = Debug|Any CPU
		{FBB36779-6AA9-4C09-A5A4-DF8FF590726C}.Debug|Any CPU.Build.0 = Debug|Any CPU
		{FBB36779-6AA9-4C09-A5A4-DF8FF590726C}.Release|Any CPU.ActiveCfg = Release|Any CPU
		{FBB36779-6AA9-4C09-A5A4-DF8FF590726C}.Release|Any CPU.Build.0 = Release|Any CPU
		{4F1AAA2E-3DEC-49DA-98D5-FEFEDB00D507}.Debug|Any CPU.ActiveCfg = Debug|Any CPU
		{4F1AAA2E-3DEC-49DA-98D5-FEFEDB00D507}.Debug|Any CPU.Build.0 = Debug|Any CPU
		{4F1AAA2E-3DEC-49DA-98D5-FEFEDB00D507}.Release|Any CPU.ActiveCfg = Release|Any CPU
		{4F1AAA2E-3DEC-49DA-98D5-FEFEDB00D507}.Release|Any CPU.Build.0 = Release|Any CPU
		{8CDD80BC-48DB-4214-B047-AA2AB9AB9A6D}.Debug|Any CPU.ActiveCfg = Debug|Any CPU
		{8CDD80BC-48DB-4214-B047-AA2AB9AB9A6D}.Debug|Any CPU.Build.0 = Debug|Any CPU
		{8CDD80BC-48DB-4214-B047-AA2AB9AB9A6D}.Release|Any CPU.ActiveCfg = Release|Any CPU
		{8CDD80BC-48DB-4214-B047-AA2AB9AB9A6D}.Release|Any CPU.Build.0 = Release|Any CPU
		{02C66579-A7CB-41DF-BC9D-C22CE4AD1AB6}.Debug|Any CPU.ActiveCfg = Debug|Any CPU
		{02C66579-A7CB-41DF-BC9D-C22CE4AD1AB6}.Debug|Any CPU.Build.0 = Debug|Any CPU
		{02C66579-A7CB-41DF-BC9D-C22CE4AD1AB6}.Release|Any CPU.ActiveCfg = Release|Any CPU
		{02C66579-A7CB-41DF-BC9D-C22CE4AD1AB6}.Release|Any CPU.Build.0 = Release|Any CPU
		{200B6CF3-A020-454C-9127-C0D96AFBD22F}.Debug|Any CPU.ActiveCfg = Debug|Any CPU
		{200B6CF3-A020-454C-9127-C0D96AFBD22F}.Debug|Any CPU.Build.0 = Debug|Any CPU
		{200B6CF3-A020-454C-9127-C0D96AFBD22F}.Release|Any CPU.ActiveCfg = Release|Any CPU
		{200B6CF3-A020-454C-9127-C0D96AFBD22F}.Release|Any CPU.Build.0 = Release|Any CPU
		{DF85C67A-C247-4CE3-96BF-18826E39104D}.Debug|Any CPU.ActiveCfg = Debug|Any CPU
		{DF85C67A-C247-4CE3-96BF-18826E39104D}.Debug|Any CPU.Build.0 = Debug|Any CPU
		{DF85C67A-C247-4CE3-96BF-18826E39104D}.Release|Any CPU.ActiveCfg = Release|Any CPU
		{DF85C67A-C247-4CE3-96BF-18826E39104D}.Release|Any CPU.Build.0 = Release|Any CPU
		{7BBD4B00-2877-4ECD-B25D-473374E3895A}.Debug|Any CPU.ActiveCfg = Debug|Any CPU
		{7BBD4B00-2877-4ECD-B25D-473374E3895A}.Debug|Any CPU.Build.0 = Debug|Any CPU
		{7BBD4B00-2877-4ECD-B25D-473374E3895A}.Release|Any CPU.ActiveCfg = Release|Any CPU
		{7BBD4B00-2877-4ECD-B25D-473374E3895A}.Release|Any CPU.Build.0 = Release|Any CPU
	EndGlobalSection
EndGlobal
